
Microsoft Visual Studio Solution File, Format Version 12.00
# Visual Studio 15
VisualStudioVersion = 15.0.26124.0
MinimumVisualStudioVersion = 15.0.26124.0
Project("{2150E333-8FDC-42A3-9474-1A3956D46DE8}") = "src", "src", "{8E1815EA-950A-4B62-A902-E133938353E9}"
EndProject
Project("{2150E333-8FDC-42A3-9474-1A3956D46DE8}") = "portal", "portal", "{DB81413B-7B29-413F-B4EF-4C736CC1A4C5}"
EndProject
Project("{FAE04EC0-301F-11D3-BF4B-00C04F79EFBC}") = "Haus.Portal.Web", "src\portal\Haus.Portal.Web\Haus.Portal.Web.csproj", "{94E37DF0-CE97-4393-9844-10A23569F692}"
EndProject
Project("{2150E333-8FDC-42A3-9474-1A3956D46DE8}") = "identity", "identity", "{E22E4EEC-868B-4F61-ACBB-C3AAC8FF065A}"
EndProject
Project("{FAE04EC0-301F-11D3-BF4B-00C04F79EFBC}") = "Haus.Identity.Web", "src\identity\Haus.Identity.Web\Haus.Identity.Web.csproj", "{2885DD76-88A0-4D1C-BC9D-2AE7700B0A09}"
EndProject
Project("{2150E333-8FDC-42A3-9474-1A3956D46DE8}") = "features", "features", "{FA9B0247-40F0-4CBD-99EB-53E3AF1B0B69}"
EndProject
Project("{FAE04EC0-301F-11D3-BF4B-00C04F79EFBC}") = "Haus.Features", "features\Haus.Features.csproj", "{D2E20DAF-BF7C-4510-93F4-1134FD7BD6E9}"
EndProject
Project("{2150E333-8FDC-42A3-9474-1A3956D46DE8}") = "runner", "runner", "{A716F406-023C-487B-85FC-EBD747CD02BA}"
EndProject
Project("{FAE04EC0-301F-11D3-BF4B-00C04F79EFBC}") = "Haus.Runner", "runner\Haus.Runner.csproj", "{6B333B5B-B55D-427F-93B5-81EC2086D9EB}"
EndProject
Project("{2150E333-8FDC-42A3-9474-1A3956D46DE8}") = "common", "common", "{0EB2235A-7C5A-4D4D-9C3F-E24F4131C077}"
EndProject
Project("{FAE04EC0-301F-11D3-BF4B-00C04F79EFBC}") = "Haus.Cqrs", "src\common\Haus.Cqrs\Haus.Cqrs.csproj", "{386328AA-5C8B-434C-A101-78E514F44B9B}"
EndProject
Project("{FAE04EC0-301F-11D3-BF4B-00C04F79EFBC}") = "Haus.Identity.Web.Tests", "src\identity\Haus.Identity.Web.Tests\Haus.Identity.Web.Tests.csproj", "{926A7B90-22BB-4216-9AA6-63458DF7ED75}"
EndProject
Global
	GlobalSection(SolutionConfigurationPlatforms) = preSolution
		Debug|Any CPU = Debug|Any CPU
		Debug|x64 = Debug|x64
		Debug|x86 = Debug|x86
		Release|Any CPU = Release|Any CPU
		Release|x64 = Release|x64
		Release|x86 = Release|x86
	EndGlobalSection
	GlobalSection(SolutionProperties) = preSolution
		HideSolutionNode = FALSE
	EndGlobalSection
	GlobalSection(ProjectConfigurationPlatforms) = postSolution
		{94E37DF0-CE97-4393-9844-10A23569F692}.Debug|Any CPU.ActiveCfg = Debug|Any CPU
		{94E37DF0-CE97-4393-9844-10A23569F692}.Debug|Any CPU.Build.0 = Debug|Any CPU
		{94E37DF0-CE97-4393-9844-10A23569F692}.Debug|x64.ActiveCfg = Debug|Any CPU
		{94E37DF0-CE97-4393-9844-10A23569F692}.Debug|x64.Build.0 = Debug|Any CPU
		{94E37DF0-CE97-4393-9844-10A23569F692}.Debug|x86.ActiveCfg = Debug|Any CPU
		{94E37DF0-CE97-4393-9844-10A23569F692}.Debug|x86.Build.0 = Debug|Any CPU
		{94E37DF0-CE97-4393-9844-10A23569F692}.Release|Any CPU.ActiveCfg = Release|Any CPU
		{94E37DF0-CE97-4393-9844-10A23569F692}.Release|Any CPU.Build.0 = Release|Any CPU
		{94E37DF0-CE97-4393-9844-10A23569F692}.Release|x64.ActiveCfg = Release|Any CPU
		{94E37DF0-CE97-4393-9844-10A23569F692}.Release|x64.Build.0 = Release|Any CPU
		{94E37DF0-CE97-4393-9844-10A23569F692}.Release|x86.ActiveCfg = Release|Any CPU
		{94E37DF0-CE97-4393-9844-10A23569F692}.Release|x86.Build.0 = Release|Any CPU
		{2885DD76-88A0-4D1C-BC9D-2AE7700B0A09}.Debug|Any CPU.ActiveCfg = Debug|Any CPU
		{2885DD76-88A0-4D1C-BC9D-2AE7700B0A09}.Debug|Any CPU.Build.0 = Debug|Any CPU
		{2885DD76-88A0-4D1C-BC9D-2AE7700B0A09}.Debug|x64.ActiveCfg = Debug|Any CPU
		{2885DD76-88A0-4D1C-BC9D-2AE7700B0A09}.Debug|x64.Build.0 = Debug|Any CPU
		{2885DD76-88A0-4D1C-BC9D-2AE7700B0A09}.Debug|x86.ActiveCfg = Debug|Any CPU
		{2885DD76-88A0-4D1C-BC9D-2AE7700B0A09}.Debug|x86.Build.0 = Debug|Any CPU
		{2885DD76-88A0-4D1C-BC9D-2AE7700B0A09}.Release|Any CPU.ActiveCfg = Release|Any CPU
		{2885DD76-88A0-4D1C-BC9D-2AE7700B0A09}.Release|Any CPU.Build.0 = Release|Any CPU
		{2885DD76-88A0-4D1C-BC9D-2AE7700B0A09}.Release|x64.ActiveCfg = Release|Any CPU
		{2885DD76-88A0-4D1C-BC9D-2AE7700B0A09}.Release|x64.Build.0 = Release|Any CPU
		{2885DD76-88A0-4D1C-BC9D-2AE7700B0A09}.Release|x86.ActiveCfg = Release|Any CPU
		{2885DD76-88A0-4D1C-BC9D-2AE7700B0A09}.Release|x86.Build.0 = Release|Any CPU
		{D2E20DAF-BF7C-4510-93F4-1134FD7BD6E9}.Debug|Any CPU.ActiveCfg = Debug|Any CPU
		{D2E20DAF-BF7C-4510-93F4-1134FD7BD6E9}.Debug|Any CPU.Build.0 = Debug|Any CPU
		{D2E20DAF-BF7C-4510-93F4-1134FD7BD6E9}.Debug|x64.ActiveCfg = Debug|Any CPU
		{D2E20DAF-BF7C-4510-93F4-1134FD7BD6E9}.Debug|x64.Build.0 = Debug|Any CPU
		{D2E20DAF-BF7C-4510-93F4-1134FD7BD6E9}.Debug|x86.ActiveCfg = Debug|Any CPU
		{D2E20DAF-BF7C-4510-93F4-1134FD7BD6E9}.Debug|x86.Build.0 = Debug|Any CPU
		{D2E20DAF-BF7C-4510-93F4-1134FD7BD6E9}.Release|Any CPU.ActiveCfg = Release|Any CPU
		{D2E20DAF-BF7C-4510-93F4-1134FD7BD6E9}.Release|Any CPU.Build.0 = Release|Any CPU
		{D2E20DAF-BF7C-4510-93F4-1134FD7BD6E9}.Release|x64.ActiveCfg = Release|Any CPU
		{D2E20DAF-BF7C-4510-93F4-1134FD7BD6E9}.Release|x64.Build.0 = Release|Any CPU
		{D2E20DAF-BF7C-4510-93F4-1134FD7BD6E9}.Release|x86.ActiveCfg = Release|Any CPU
		{D2E20DAF-BF7C-4510-93F4-1134FD7BD6E9}.Release|x86.Build.0 = Release|Any CPU
		{6B333B5B-B55D-427F-93B5-81EC2086D9EB}.Debug|Any CPU.ActiveCfg = Debug|Any CPU
		{6B333B5B-B55D-427F-93B5-81EC2086D9EB}.Debug|Any CPU.Build.0 = Debug|Any CPU
		{6B333B5B-B55D-427F-93B5-81EC2086D9EB}.Debug|x64.ActiveCfg = Debug|Any CPU
		{6B333B5B-B55D-427F-93B5-81EC2086D9EB}.Debug|x64.Build.0 = Debug|Any CPU
		{6B333B5B-B55D-427F-93B5-81EC2086D9EB}.Debug|x86.ActiveCfg = Debug|Any CPU
		{6B333B5B-B55D-427F-93B5-81EC2086D9EB}.Debug|x86.Build.0 = Debug|Any CPU
		{6B333B5B-B55D-427F-93B5-81EC2086D9EB}.Release|Any CPU.ActiveCfg = Release|Any CPU
		{6B333B5B-B55D-427F-93B5-81EC2086D9EB}.Release|Any CPU.Build.0 = Release|Any CPU
		{6B333B5B-B55D-427F-93B5-81EC2086D9EB}.Release|x64.ActiveCfg = Release|Any CPU
		{6B333B5B-B55D-427F-93B5-81EC2086D9EB}.Release|x64.Build.0 = Release|Any CPU
		{6B333B5B-B55D-427F-93B5-81EC2086D9EB}.Release|x86.ActiveCfg = Release|Any CPU
		{6B333B5B-B55D-427F-93B5-81EC2086D9EB}.Release|x86.Build.0 = Release|Any CPU
		{386328AA-5C8B-434C-A101-78E514F44B9B}.Debug|Any CPU.ActiveCfg = Debug|Any CPU
		{386328AA-5C8B-434C-A101-78E514F44B9B}.Debug|Any CPU.Build.0 = Debug|Any CPU
		{386328AA-5C8B-434C-A101-78E514F44B9B}.Debug|x64.ActiveCfg = Debug|Any CPU
		{386328AA-5C8B-434C-A101-78E514F44B9B}.Debug|x64.Build.0 = Debug|Any CPU
		{386328AA-5C8B-434C-A101-78E514F44B9B}.Debug|x86.ActiveCfg = Debug|Any CPU
		{386328AA-5C8B-434C-A101-78E514F44B9B}.Debug|x86.Build.0 = Debug|Any CPU
		{386328AA-5C8B-434C-A101-78E514F44B9B}.Release|Any CPU.ActiveCfg = Release|Any CPU
		{386328AA-5C8B-434C-A101-78E514F44B9B}.Release|Any CPU.Build.0 = Release|Any CPU
		{386328AA-5C8B-434C-A101-78E514F44B9B}.Release|x64.ActiveCfg = Release|Any CPU
		{386328AA-5C8B-434C-A101-78E514F44B9B}.Release|x64.Build.0 = Release|Any CPU
		{386328AA-5C8B-434C-A101-78E514F44B9B}.Release|x86.ActiveCfg = Release|Any CPU
		{386328AA-5C8B-434C-A101-78E514F44B9B}.Release|x86.Build.0 = Release|Any CPU
		{926A7B90-22BB-4216-9AA6-63458DF7ED75}.Debug|Any CPU.ActiveCfg = Debug|Any CPU
		{926A7B90-22BB-4216-9AA6-63458DF7ED75}.Debug|Any CPU.Build.0 = Debug|Any CPU
		{926A7B90-22BB-4216-9AA6-63458DF7ED75}.Debug|x64.ActiveCfg = Debug|Any CPU
		{926A7B90-22BB-4216-9AA6-63458DF7ED75}.Debug|x64.Build.0 = Debug|Any CPU
		{926A7B90-22BB-4216-9AA6-63458DF7ED75}.Debug|x86.ActiveCfg = Debug|Any CPU
		{926A7B90-22BB-4216-9AA6-63458DF7ED75}.Debug|x86.Build.0 = Debug|Any CPU
		{926A7B90-22BB-4216-9AA6-63458DF7ED75}.Release|Any CPU.ActiveCfg = Release|Any CPU
		{926A7B90-22BB-4216-9AA6-63458DF7ED75}.Release|Any CPU.Build.0 = Release|Any CPU
		{926A7B90-22BB-4216-9AA6-63458DF7ED75}.Release|x64.ActiveCfg = Release|Any CPU
		{926A7B90-22BB-4216-9AA6-63458DF7ED75}.Release|x64.Build.0 = Release|Any CPU
		{926A7B90-22BB-4216-9AA6-63458DF7ED75}.Release|x86.ActiveCfg = Release|Any CPU
		{926A7B90-22BB-4216-9AA6-63458DF7ED75}.Release|x86.Build.0 = Release|Any CPU
	EndGlobalSection
	GlobalSection(NestedProjects) = preSolution
		{DB81413B-7B29-413F-B4EF-4C736CC1A4C5} = {8E1815EA-950A-4B62-A902-E133938353E9}
		{94E37DF0-CE97-4393-9844-10A23569F692} = {DB81413B-7B29-413F-B4EF-4C736CC1A4C5}
		{E22E4EEC-868B-4F61-ACBB-C3AAC8FF065A} = {8E1815EA-950A-4B62-A902-E133938353E9}
		{2885DD76-88A0-4D1C-BC9D-2AE7700B0A09} = {E22E4EEC-868B-4F61-ACBB-C3AAC8FF065A}
		{D2E20DAF-BF7C-4510-93F4-1134FD7BD6E9} = {FA9B0247-40F0-4CBD-99EB-53E3AF1B0B69}
		{6B333B5B-B55D-427F-93B5-81EC2086D9EB} = {A716F406-023C-487B-85FC-EBD747CD02BA}
		{0EB2235A-7C5A-4D4D-9C3F-E24F4131C077} = {8E1815EA-950A-4B62-A902-E133938353E9}
		{386328AA-5C8B-434C-A101-78E514F44B9B} = {0EB2235A-7C5A-4D4D-9C3F-E24F4131C077}
		{926A7B90-22BB-4216-9AA6-63458DF7ED75} = {E22E4EEC-868B-4F61-ACBB-C3AAC8FF065A}
	EndGlobalSection
EndGlobal
