
Microsoft Visual Studio Solution File, Format Version 12.00
# Visual Studio 15
VisualStudioVersion = 15.0.26124.0
MinimumVisualStudioVersion = 15.0.26124.0
Project("{2150E333-8FDC-42A3-9474-1A3956D46DE8}") = "src", "src", "{E548574D-38E9-4208-97A3-33BF6F2EC43D}"
EndProject
Project("{FAE04EC0-301F-11D3-BF4B-00C04F79EFBC}") = "Haus.Core", "src\Haus.Core\Haus.Core.csproj", "{E0793E28-ACBC-45CB-B1AF-1AD4889FAEA6}"
EndProject
Project("{2150E333-8FDC-42A3-9474-1A3956D46DE8}") = "tests", "tests", "{74319CCE-D734-4495-BA3A-2500488064B0}"
EndProject
Project("{FAE04EC0-301F-11D3-BF4B-00C04F79EFBC}") = "Haus.Core.Tests", "tests\Haus.Core.Tests\Haus.Core.Tests.csproj", "{5AFA5AA9-0B8B-4A3A-933B-3EB12F0E8ED6}"
EndProject
Project("{FAE04EC0-301F-11D3-BF4B-00C04F79EFBC}") = "Haus.Web.Host", "src\Haus.Web.Host\Haus.Web.Host.csproj", "{4BA95E19-5B74-40C5-9AF4-1F6B4B9CA7F7}"
EndProject
Project("{FAE04EC0-301F-11D3-BF4B-00C04F79EFBC}") = "Haus.Hosting", "src\Haus.Hosting\Haus.Hosting.csproj", "{41D2445A-19E3-4171-82F0-336E9D4F2E48}"
EndProject
Project("{FAE04EC0-301F-11D3-BF4B-00C04F79EFBC}") = "Haus.Zigbee.Host", "src\Haus.Zigbee.Host\Haus.Zigbee.Host.csproj", "{2D06B324-2244-46F5-829D-A3B5ECAB64D8}"
EndProject
Project("{2150E333-8FDC-42A3-9474-1A3956D46DE8}") = ".scm", ".scm", "{C7C0FFC8-5333-4AB4-A689-D8E79C7E3707}"
	ProjectSection(SolutionItems) = preProject
		.gitignore = .gitignore
	EndProjectSection
EndProject
Project("{FAE04EC0-301F-11D3-BF4B-00C04F79EFBC}") = "Haus.Zigbee.Host.Tests", "tests\Haus.Zigbee.Host.Tests\Haus.Zigbee.Host.Tests.csproj", "{CADE098A-A5FD-4480-8A6B-37B3FF7C967C}"
EndProject
Project("{FAE04EC0-301F-11D3-BF4B-00C04F79EFBC}") = "Haus.Core.Models", "src\Haus.Core.Models\Haus.Core.Models.csproj", "{9A0154E7-9874-4BD4-BEB5-8DB9FD1851E1}"
EndProject
Project("{FAE04EC0-301F-11D3-BF4B-00C04F79EFBC}") = "Haus.Web.Host.Tests", "tests\Haus.Web.Host.Tests\Haus.Web.Host.Tests.csproj", "{6B83B5CE-79A3-4608-8D5A-26F0AF7D268C}"
EndProject
Project("{2150E333-8FDC-42A3-9474-1A3956D46DE8}") = "docs", "docs", "{34D871CA-FE8F-41D8-9475-D4F93D9200D4}"
ProjectSection(SolutionItems) = preProject
	readme.md = readme.md
EndProjectSection
EndProject
Global
	GlobalSection(SolutionConfigurationPlatforms) = preSolution
		Debug|Any CPU = Debug|Any CPU
		Debug|x64 = Debug|x64
		Debug|x86 = Debug|x86
		Release|Any CPU = Release|Any CPU
		Release|x64 = Release|x64
		Release|x86 = Release|x86
	EndGlobalSection
	GlobalSection(SolutionProperties) = preSolution
		HideSolutionNode = FALSE
	EndGlobalSection
	GlobalSection(ProjectConfigurationPlatforms) = postSolution
		{E0793E28-ACBC-45CB-B1AF-1AD4889FAEA6}.Debug|Any CPU.ActiveCfg = Debug|Any CPU
		{E0793E28-ACBC-45CB-B1AF-1AD4889FAEA6}.Debug|Any CPU.Build.0 = Debug|Any CPU
		{E0793E28-ACBC-45CB-B1AF-1AD4889FAEA6}.Debug|x64.ActiveCfg = Debug|Any CPU
		{E0793E28-ACBC-45CB-B1AF-1AD4889FAEA6}.Debug|x64.Build.0 = Debug|Any CPU
		{E0793E28-ACBC-45CB-B1AF-1AD4889FAEA6}.Debug|x86.ActiveCfg = Debug|Any CPU
		{E0793E28-ACBC-45CB-B1AF-1AD4889FAEA6}.Debug|x86.Build.0 = Debug|Any CPU
		{E0793E28-ACBC-45CB-B1AF-1AD4889FAEA6}.Release|Any CPU.ActiveCfg = Release|Any CPU
		{E0793E28-ACBC-45CB-B1AF-1AD4889FAEA6}.Release|Any CPU.Build.0 = Release|Any CPU
		{E0793E28-ACBC-45CB-B1AF-1AD4889FAEA6}.Release|x64.ActiveCfg = Release|Any CPU
		{E0793E28-ACBC-45CB-B1AF-1AD4889FAEA6}.Release|x64.Build.0 = Release|Any CPU
		{E0793E28-ACBC-45CB-B1AF-1AD4889FAEA6}.Release|x86.ActiveCfg = Release|Any CPU
		{E0793E28-ACBC-45CB-B1AF-1AD4889FAEA6}.Release|x86.Build.0 = Release|Any CPU
		{5AFA5AA9-0B8B-4A3A-933B-3EB12F0E8ED6}.Debug|Any CPU.ActiveCfg = Debug|Any CPU
		{5AFA5AA9-0B8B-4A3A-933B-3EB12F0E8ED6}.Debug|Any CPU.Build.0 = Debug|Any CPU
		{5AFA5AA9-0B8B-4A3A-933B-3EB12F0E8ED6}.Debug|x64.ActiveCfg = Debug|Any CPU
		{5AFA5AA9-0B8B-4A3A-933B-3EB12F0E8ED6}.Debug|x64.Build.0 = Debug|Any CPU
		{5AFA5AA9-0B8B-4A3A-933B-3EB12F0E8ED6}.Debug|x86.ActiveCfg = Debug|Any CPU
		{5AFA5AA9-0B8B-4A3A-933B-3EB12F0E8ED6}.Debug|x86.Build.0 = Debug|Any CPU
		{5AFA5AA9-0B8B-4A3A-933B-3EB12F0E8ED6}.Release|Any CPU.ActiveCfg = Release|Any CPU
		{5AFA5AA9-0B8B-4A3A-933B-3EB12F0E8ED6}.Release|Any CPU.Build.0 = Release|Any CPU
		{5AFA5AA9-0B8B-4A3A-933B-3EB12F0E8ED6}.Release|x64.ActiveCfg = Release|Any CPU
		{5AFA5AA9-0B8B-4A3A-933B-3EB12F0E8ED6}.Release|x64.Build.0 = Release|Any CPU
		{5AFA5AA9-0B8B-4A3A-933B-3EB12F0E8ED6}.Release|x86.ActiveCfg = Release|Any CPU
		{5AFA5AA9-0B8B-4A3A-933B-3EB12F0E8ED6}.Release|x86.Build.0 = Release|Any CPU
		{4BA95E19-5B74-40C5-9AF4-1F6B4B9CA7F7}.Debug|Any CPU.ActiveCfg = Debug|Any CPU
		{4BA95E19-5B74-40C5-9AF4-1F6B4B9CA7F7}.Debug|Any CPU.Build.0 = Debug|Any CPU
		{4BA95E19-5B74-40C5-9AF4-1F6B4B9CA7F7}.Debug|x64.ActiveCfg = Debug|Any CPU
		{4BA95E19-5B74-40C5-9AF4-1F6B4B9CA7F7}.Debug|x64.Build.0 = Debug|Any CPU
		{4BA95E19-5B74-40C5-9AF4-1F6B4B9CA7F7}.Debug|x86.ActiveCfg = Debug|Any CPU
		{4BA95E19-5B74-40C5-9AF4-1F6B4B9CA7F7}.Debug|x86.Build.0 = Debug|Any CPU
		{4BA95E19-5B74-40C5-9AF4-1F6B4B9CA7F7}.Release|Any CPU.ActiveCfg = Release|Any CPU
		{4BA95E19-5B74-40C5-9AF4-1F6B4B9CA7F7}.Release|Any CPU.Build.0 = Release|Any CPU
		{4BA95E19-5B74-40C5-9AF4-1F6B4B9CA7F7}.Release|x64.ActiveCfg = Release|Any CPU
		{4BA95E19-5B74-40C5-9AF4-1F6B4B9CA7F7}.Release|x64.Build.0 = Release|Any CPU
		{4BA95E19-5B74-40C5-9AF4-1F6B4B9CA7F7}.Release|x86.ActiveCfg = Release|Any CPU
		{4BA95E19-5B74-40C5-9AF4-1F6B4B9CA7F7}.Release|x86.Build.0 = Release|Any CPU
		{41D2445A-19E3-4171-82F0-336E9D4F2E48}.Debug|Any CPU.ActiveCfg = Debug|Any CPU
		{41D2445A-19E3-4171-82F0-336E9D4F2E48}.Debug|Any CPU.Build.0 = Debug|Any CPU
		{41D2445A-19E3-4171-82F0-336E9D4F2E48}.Debug|x64.ActiveCfg = Debug|Any CPU
		{41D2445A-19E3-4171-82F0-336E9D4F2E48}.Debug|x64.Build.0 = Debug|Any CPU
		{41D2445A-19E3-4171-82F0-336E9D4F2E48}.Debug|x86.ActiveCfg = Debug|Any CPU
		{41D2445A-19E3-4171-82F0-336E9D4F2E48}.Debug|x86.Build.0 = Debug|Any CPU
		{41D2445A-19E3-4171-82F0-336E9D4F2E48}.Release|Any CPU.ActiveCfg = Release|Any CPU
		{41D2445A-19E3-4171-82F0-336E9D4F2E48}.Release|Any CPU.Build.0 = Release|Any CPU
		{41D2445A-19E3-4171-82F0-336E9D4F2E48}.Release|x64.ActiveCfg = Release|Any CPU
		{41D2445A-19E3-4171-82F0-336E9D4F2E48}.Release|x64.Build.0 = Release|Any CPU
		{41D2445A-19E3-4171-82F0-336E9D4F2E48}.Release|x86.ActiveCfg = Release|Any CPU
		{41D2445A-19E3-4171-82F0-336E9D4F2E48}.Release|x86.Build.0 = Release|Any CPU
		{2D06B324-2244-46F5-829D-A3B5ECAB64D8}.Debug|Any CPU.ActiveCfg = Debug|Any CPU
		{2D06B324-2244-46F5-829D-A3B5ECAB64D8}.Debug|Any CPU.Build.0 = Debug|Any CPU
		{2D06B324-2244-46F5-829D-A3B5ECAB64D8}.Debug|x64.ActiveCfg = Debug|Any CPU
		{2D06B324-2244-46F5-829D-A3B5ECAB64D8}.Debug|x64.Build.0 = Debug|Any CPU
		{2D06B324-2244-46F5-829D-A3B5ECAB64D8}.Debug|x86.ActiveCfg = Debug|Any CPU
		{2D06B324-2244-46F5-829D-A3B5ECAB64D8}.Debug|x86.Build.0 = Debug|Any CPU
		{2D06B324-2244-46F5-829D-A3B5ECAB64D8}.Release|Any CPU.ActiveCfg = Release|Any CPU
		{2D06B324-2244-46F5-829D-A3B5ECAB64D8}.Release|Any CPU.Build.0 = Release|Any CPU
		{2D06B324-2244-46F5-829D-A3B5ECAB64D8}.Release|x64.ActiveCfg = Release|Any CPU
		{2D06B324-2244-46F5-829D-A3B5ECAB64D8}.Release|x64.Build.0 = Release|Any CPU
		{2D06B324-2244-46F5-829D-A3B5ECAB64D8}.Release|x86.ActiveCfg = Release|Any CPU
		{2D06B324-2244-46F5-829D-A3B5ECAB64D8}.Release|x86.Build.0 = Release|Any CPU
		{CADE098A-A5FD-4480-8A6B-37B3FF7C967C}.Debug|Any CPU.ActiveCfg = Debug|Any CPU
		{CADE098A-A5FD-4480-8A6B-37B3FF7C967C}.Debug|Any CPU.Build.0 = Debug|Any CPU
		{CADE098A-A5FD-4480-8A6B-37B3FF7C967C}.Debug|x64.ActiveCfg = Debug|Any CPU
		{CADE098A-A5FD-4480-8A6B-37B3FF7C967C}.Debug|x64.Build.0 = Debug|Any CPU
		{CADE098A-A5FD-4480-8A6B-37B3FF7C967C}.Debug|x86.ActiveCfg = Debug|Any CPU
		{CADE098A-A5FD-4480-8A6B-37B3FF7C967C}.Debug|x86.Build.0 = Debug|Any CPU
		{CADE098A-A5FD-4480-8A6B-37B3FF7C967C}.Release|Any CPU.ActiveCfg = Release|Any CPU
		{CADE098A-A5FD-4480-8A6B-37B3FF7C967C}.Release|Any CPU.Build.0 = Release|Any CPU
		{CADE098A-A5FD-4480-8A6B-37B3FF7C967C}.Release|x64.ActiveCfg = Release|Any CPU
		{CADE098A-A5FD-4480-8A6B-37B3FF7C967C}.Release|x64.Build.0 = Release|Any CPU
		{CADE098A-A5FD-4480-8A6B-37B3FF7C967C}.Release|x86.ActiveCfg = Release|Any CPU
		{CADE098A-A5FD-4480-8A6B-37B3FF7C967C}.Release|x86.Build.0 = Release|Any CPU
		{9A0154E7-9874-4BD4-BEB5-8DB9FD1851E1}.Debug|Any CPU.ActiveCfg = Debug|Any CPU
		{9A0154E7-9874-4BD4-BEB5-8DB9FD1851E1}.Debug|Any CPU.Build.0 = Debug|Any CPU
		{9A0154E7-9874-4BD4-BEB5-8DB9FD1851E1}.Debug|x64.ActiveCfg = Debug|Any CPU
		{9A0154E7-9874-4BD4-BEB5-8DB9FD1851E1}.Debug|x64.Build.0 = Debug|Any CPU
		{9A0154E7-9874-4BD4-BEB5-8DB9FD1851E1}.Debug|x86.ActiveCfg = Debug|Any CPU
		{9A0154E7-9874-4BD4-BEB5-8DB9FD1851E1}.Debug|x86.Build.0 = Debug|Any CPU
		{9A0154E7-9874-4BD4-BEB5-8DB9FD1851E1}.Release|Any CPU.ActiveCfg = Release|Any CPU
		{9A0154E7-9874-4BD4-BEB5-8DB9FD1851E1}.Release|Any CPU.Build.0 = Release|Any CPU
		{9A0154E7-9874-4BD4-BEB5-8DB9FD1851E1}.Release|x64.ActiveCfg = Release|Any CPU
		{9A0154E7-9874-4BD4-BEB5-8DB9FD1851E1}.Release|x64.Build.0 = Release|Any CPU
		{9A0154E7-9874-4BD4-BEB5-8DB9FD1851E1}.Release|x86.ActiveCfg = Release|Any CPU
		{9A0154E7-9874-4BD4-BEB5-8DB9FD1851E1}.Release|x86.Build.0 = Release|Any CPU
		{6B83B5CE-79A3-4608-8D5A-26F0AF7D268C}.Debug|Any CPU.ActiveCfg = Debug|Any CPU
		{6B83B5CE-79A3-4608-8D5A-26F0AF7D268C}.Debug|Any CPU.Build.0 = Debug|Any CPU
		{6B83B5CE-79A3-4608-8D5A-26F0AF7D268C}.Debug|x64.ActiveCfg = Debug|Any CPU
		{6B83B5CE-79A3-4608-8D5A-26F0AF7D268C}.Debug|x64.Build.0 = Debug|Any CPU
		{6B83B5CE-79A3-4608-8D5A-26F0AF7D268C}.Debug|x86.ActiveCfg = Debug|Any CPU
		{6B83B5CE-79A3-4608-8D5A-26F0AF7D268C}.Debug|x86.Build.0 = Debug|Any CPU
		{6B83B5CE-79A3-4608-8D5A-26F0AF7D268C}.Release|Any CPU.ActiveCfg = Release|Any CPU
		{6B83B5CE-79A3-4608-8D5A-26F0AF7D268C}.Release|Any CPU.Build.0 = Release|Any CPU
		{6B83B5CE-79A3-4608-8D5A-26F0AF7D268C}.Release|x64.ActiveCfg = Release|Any CPU
		{6B83B5CE-79A3-4608-8D5A-26F0AF7D268C}.Release|x64.Build.0 = Release|Any CPU
		{6B83B5CE-79A3-4608-8D5A-26F0AF7D268C}.Release|x86.ActiveCfg = Release|Any CPU
		{6B83B5CE-79A3-4608-8D5A-26F0AF7D268C}.Release|x86.Build.0 = Release|Any CPU
	EndGlobalSection
	GlobalSection(NestedProjects) = preSolution
		{E0793E28-ACBC-45CB-B1AF-1AD4889FAEA6} = {E548574D-38E9-4208-97A3-33BF6F2EC43D}
		{5AFA5AA9-0B8B-4A3A-933B-3EB12F0E8ED6} = {74319CCE-D734-4495-BA3A-2500488064B0}
		{4BA95E19-5B74-40C5-9AF4-1F6B4B9CA7F7} = {E548574D-38E9-4208-97A3-33BF6F2EC43D}
		{41D2445A-19E3-4171-82F0-336E9D4F2E48} = {E548574D-38E9-4208-97A3-33BF6F2EC43D}
		{2D06B324-2244-46F5-829D-A3B5ECAB64D8} = {E548574D-38E9-4208-97A3-33BF6F2EC43D}
		{CADE098A-A5FD-4480-8A6B-37B3FF7C967C} = {74319CCE-D734-4495-BA3A-2500488064B0}
		{9A0154E7-9874-4BD4-BEB5-8DB9FD1851E1} = {E548574D-38E9-4208-97A3-33BF6F2EC43D}
		{6B83B5CE-79A3-4608-8D5A-26F0AF7D268C} = {74319CCE-D734-4495-BA3A-2500488064B0}
	EndGlobalSection
EndGlobal
