
Microsoft Visual Studio Solution File, Format Version 12.00
# Visual Studio 15
VisualStudioVersion = 15.0.26124.0
MinimumVisualStudioVersion = 15.0.26124.0
Project("{2150E333-8FDC-42A3-9474-1A3956D46DE8}") = "src", "src", "{E548574D-38E9-4208-97A3-33BF6F2EC43D}"
EndProject
Project("{FAE04EC0-301F-11D3-BF4B-00C04F79EFBC}") = "Haus.Core", "src\Haus.Core\Haus.Core.csproj", "{E0793E28-ACBC-45CB-B1AF-1AD4889FAEA6}"
EndProject
Project("{2150E333-8FDC-42A3-9474-1A3956D46DE8}") = "tests", "tests", "{74319CCE-D734-4495-BA3A-2500488064B0}"
EndProject
Project("{FAE04EC0-301F-11D3-BF4B-00C04F79EFBC}") = "Haus.Core.Tests", "tests\Haus.Core.Tests\Haus.Core.Tests.csproj", "{5AFA5AA9-0B8B-4A3A-933B-3EB12F0E8ED6}"
EndProject
Project("{FAE04EC0-301F-11D3-BF4B-00C04F79EFBC}") = "Haus.Web.Host", "src\Haus.Web.Host\Haus.Web.Host.csproj", "{4BA95E19-5B74-40C5-9AF4-1F6B4B9CA7F7}"
EndProject
Project("{FAE04EC0-301F-11D3-BF4B-00C04F79EFBC}") = "Haus.Hosting", "src\Haus.Hosting\Haus.Hosting.csproj", "{41D2445A-19E3-4171-82F0-336E9D4F2E48}"
EndProject
Project("{FAE04EC0-301F-11D3-BF4B-00C04F79EFBC}") = "Haus.Zigbee.Host", "src\Haus.Zigbee.Host\Haus.Zigbee.Host.csproj", "{2D06B324-2244-46F5-829D-A3B5ECAB64D8}"
EndProject
Project("{2150E333-8FDC-42A3-9474-1A3956D46DE8}") = ".scm", ".scm", "{C7C0FFC8-5333-4AB4-A689-D8E79C7E3707}"
	ProjectSection(SolutionItems) = preProject
		.gitignore = .gitignore
	EndProjectSection
EndProject
Project("{FAE04EC0-301F-11D3-BF4B-00C04F79EFBC}") = "Haus.Zigbee.Host.Tests", "tests\Haus.Zigbee.Host.Tests\Haus.Zigbee.Host.Tests.csproj", "{CADE098A-A5FD-4480-8A6B-37B3FF7C967C}"
EndProject
Project("{FAE04EC0-301F-11D3-BF4B-00C04F79EFBC}") = "Haus.Core.Models", "src\Haus.Core.Models\Haus.Core.Models.csproj", "{9A0154E7-9874-4BD4-BEB5-8DB9FD1851E1}"
EndProject
Project("{FAE04EC0-301F-11D3-BF4B-00C04F79EFBC}") = "Haus.Web.Host.Tests", "tests\Haus.Web.Host.Tests\Haus.Web.Host.Tests.csproj", "{6B83B5CE-79A3-4608-8D5A-26F0AF7D268C}"
EndProject
Project("{2150E333-8FDC-42A3-9474-1A3956D46DE8}") = "docs", "docs", "{34D871CA-FE8F-41D8-9475-D4F93D9200D4}"
	ProjectSection(SolutionItems) = preProject
		readme.md = readme.md
	EndProjectSection
EndProject
Project("{FAE04EC0-301F-11D3-BF4B-00C04F79EFBC}") = "Haus.Testing.Support", "tests\Haus.Testing.Support\Haus.Testing.Support.csproj", "{5107B897-F5A1-41AD-B979-7EA538D91B69}"
EndProject
Project("{2150E333-8FDC-42A3-9474-1A3956D46DE8}") = ".github", ".github", "{2BED73DF-2C16-420D-9C79-8538151F9F9E}"
EndProject
Project("{2150E333-8FDC-42A3-9474-1A3956D46DE8}") = "workflows", "workflows", "{6DBF77B5-7356-4FBC-8AC8-7B89BBAD8E4B}"
	ProjectSection(SolutionItems) = preProject
		.github\workflows\main.yaml = .github\workflows\main.yaml
		.github\workflows\release.yaml = .github\workflows\release.yaml
	EndProjectSection
EndProject
Project("{2150E333-8FDC-42A3-9474-1A3956D46DE8}") = "scripts", "scripts", "{A43D2365-6284-4B46-86B8-2A3483F72564}"
	ProjectSection(SolutionItems) = preProject
		scripts\create-ef-migration.sh = scripts\create-ef-migration.sh
		scripts\linux-install.sh = scripts\linux-install.sh
		scripts\publish-app.sh = scripts\publish-app.sh
		scripts\run-acceptance-tests.sh = scripts\run-acceptance-tests.sh
		scripts\run-unit-tests.sh = scripts\run-unit-tests.sh
		scripts\variables.sh = scripts\variables.sh
		scripts\prepare-build.sh = scripts\prepare-build.sh
		scripts\add-project.sh = scripts\add-project.sh
		scripts\publish-to-docker-hub.sh = scripts\publish-to-docker-hub.sh
	EndProjectSection
EndProject
Project("{FAE04EC0-301F-11D3-BF4B-00C04F79EFBC}") = "Haus.Api.Client", "src\Haus.Api.Client\Haus.Api.Client.csproj", "{96B75E58-C1C0-4D3D-9D8E-C4695FC7F13E}"
EndProject
Project("{FAE04EC0-301F-11D3-BF4B-00C04F79EFBC}") = "Haus.Utilities", "src\Haus.Utilities\Haus.Utilities.csproj", "{30CB1F02-1A53-45F0-BC12-5A699AEBCBA6}"
EndProject
Project("{FAE04EC0-301F-11D3-BF4B-00C04F79EFBC}") = "Haus.Utilities.Tests", "tests\Haus.Utilities.Tests\Haus.Utilities.Tests.csproj", "{8C25B610-D0D7-49BE-A67E-B2A6B521008B}"
EndProject
Project("{2150E333-8FDC-42A3-9474-1A3956D46DE8}") = "dependencies", "dependencies", "{84850197-27A6-4181-BEDD-D2AC9240D169}"
	ProjectSection(SolutionItems) = preProject
		dependencies\tests.xml = dependencies\tests.xml
		dependencies\hosting.xml = dependencies\hosting.xml
		dependencies\version.xml = dependencies\version.xml
		dependencies\framework-version.xml = dependencies\framework-version.xml
	EndProjectSection
EndProject
Project("{2150E333-8FDC-42A3-9474-1A3956D46DE8}") = ".config", ".config", "{E9A6A742-520C-4D22-BE65-853B85B71509}"
	ProjectSection(SolutionItems) = preProject
		.config\dotnet-tools.json = .config\dotnet-tools.json
	EndProjectSection
EndProject
Project("{FAE04EC0-301F-11D3-BF4B-00C04F79EFBC}") = "Haus.Mqtt.Client", "src\Haus.Mqtt.Client\Haus.Mqtt.Client.csproj", "{BF8CE4D6-06CC-4110-AFAA-0B66470C567B}"
EndProject
Project("{FAE04EC0-301F-11D3-BF4B-00C04F79EFBC}") = "Haus.Mqtt.Client.Tests", "tests\Haus.Mqtt.Client.Tests\Haus.Mqtt.Client.Tests.csproj", "{3EF02715-FB96-4628-B62A-A10E80095898}"
EndProject
Project("{FAE04EC0-301F-11D3-BF4B-00C04F79EFBC}") = "Haus.Cqrs", "src\Haus.Cqrs\Haus.Cqrs.csproj", "{DC977AC5-BF8D-4F24-8463-81393CE0ADD1}"
EndProject
Project("{FAE04EC0-301F-11D3-BF4B-00C04F79EFBC}") = "Haus.Acceptance.Tests", "tests\Haus.Acceptance.Tests\Haus.Acceptance.Tests.csproj", "{58A78B12-6E91-46DA-AEF6-2513FA215472}"
EndProject
Project("{FAE04EC0-301F-11D3-BF4B-00C04F79EFBC}") = "Haus.Udp.Client", "src\Haus.Udp.Client\Haus.Udp.Client.csproj", "{DA39932B-907E-4135-BADF-2C593B23F88D}"
EndProject
Project("{FAE04EC0-301F-11D3-BF4B-00C04F79EFBC}") = "Haus.Udp.Client.Tests", "tests\Haus.Udp.Client.Tests\Haus.Udp.Client.Tests.csproj", "{3CBC2DE6-4CB7-4DF8-B307-AD457F420E46}"
EndProject
Project("{FAE04EC0-301F-11D3-BF4B-00C04F79EFBC}") = "Haus.Core.Models.Tests", "tests\Haus.Core.Models.Tests\Haus.Core.Models.Tests.csproj", "{812B4F15-2016-40F4-AB84-D3BF773590AA}"
EndProject
Project("{2150E333-8FDC-42A3-9474-1A3956D46DE8}") = ".tasks", ".tasks", "{3E214AA9-481D-4ACE-AF3F-D9F521BE0F39}"
	ProjectSection(SolutionItems) = preProject
		yarn.lock = yarn.lock
		package.json = package.json
	EndProjectSection
EndProject
Project("{2150E333-8FDC-42A3-9474-1A3956D46DE8}") = ".build", ".build", "{39FA0F9B-0B5A-4B47-806B-80033788570C}"
ProjectSection(SolutionItems) = preProject
	global.json = global.json
	haus-dockerfile = haus-dockerfile
	docker-compose.yml = docker-compose.yml
	haus-app.service = haus-app.service
	configuration.yaml = configuration.yaml
	mosquitto.conf = mosquitto.conf
	.nvmrc = .nvmrc
EndProjectSection
EndProject
Project("{2150E333-8FDC-42A3-9474-1A3956D46DE8}") = "actions", "actions", "{A9A14DE2-1149-489F-8EB5-0036A1A1FDAB}"
EndProject
Project("{2150E333-8FDC-42A3-9474-1A3956D46DE8}") = "setup-machine", "setup-machine", "{4C710C62-3D26-466C-9CBF-6A1AF004B715}"
	ProjectSection(SolutionItems) = preProject
		.github\actions\setup-machine\action.yaml = .github\actions\setup-machine\action.yaml
	EndProjectSection
EndProject
Global
	GlobalSection(SolutionConfigurationPlatforms) = preSolution
		Debug|Any CPU = Debug|Any CPU
		Debug|x64 = Debug|x64
		Debug|x86 = Debug|x86
		Release|Any CPU = Release|Any CPU
		Release|x64 = Release|x64
		Release|x86 = Release|x86
	EndGlobalSection
	GlobalSection(SolutionProperties) = preSolution
		HideSolutionNode = FALSE
	EndGlobalSection
	GlobalSection(ProjectConfigurationPlatforms) = postSolution
		{E0793E28-ACBC-45CB-B1AF-1AD4889FAEA6}.Debug|Any CPU.ActiveCfg = Debug|Any CPU
		{E0793E28-ACBC-45CB-B1AF-1AD4889FAEA6}.Debug|Any CPU.Build.0 = Debug|Any CPU
		{E0793E28-ACBC-45CB-B1AF-1AD4889FAEA6}.Debug|x64.ActiveCfg = Debug|Any CPU
		{E0793E28-ACBC-45CB-B1AF-1AD4889FAEA6}.Debug|x64.Build.0 = Debug|Any CPU
		{E0793E28-ACBC-45CB-B1AF-1AD4889FAEA6}.Debug|x86.ActiveCfg = Debug|Any CPU
		{E0793E28-ACBC-45CB-B1AF-1AD4889FAEA6}.Debug|x86.Build.0 = Debug|Any CPU
		{E0793E28-ACBC-45CB-B1AF-1AD4889FAEA6}.Release|Any CPU.ActiveCfg = Release|Any CPU
		{E0793E28-ACBC-45CB-B1AF-1AD4889FAEA6}.Release|Any CPU.Build.0 = Release|Any CPU
		{E0793E28-ACBC-45CB-B1AF-1AD4889FAEA6}.Release|x64.ActiveCfg = Release|Any CPU
		{E0793E28-ACBC-45CB-B1AF-1AD4889FAEA6}.Release|x64.Build.0 = Release|Any CPU
		{E0793E28-ACBC-45CB-B1AF-1AD4889FAEA6}.Release|x86.ActiveCfg = Release|Any CPU
		{E0793E28-ACBC-45CB-B1AF-1AD4889FAEA6}.Release|x86.Build.0 = Release|Any CPU
		{5AFA5AA9-0B8B-4A3A-933B-3EB12F0E8ED6}.Debug|Any CPU.ActiveCfg = Debug|Any CPU
		{5AFA5AA9-0B8B-4A3A-933B-3EB12F0E8ED6}.Debug|Any CPU.Build.0 = Debug|Any CPU
		{5AFA5AA9-0B8B-4A3A-933B-3EB12F0E8ED6}.Debug|x64.ActiveCfg = Debug|Any CPU
		{5AFA5AA9-0B8B-4A3A-933B-3EB12F0E8ED6}.Debug|x64.Build.0 = Debug|Any CPU
		{5AFA5AA9-0B8B-4A3A-933B-3EB12F0E8ED6}.Debug|x86.ActiveCfg = Debug|Any CPU
		{5AFA5AA9-0B8B-4A3A-933B-3EB12F0E8ED6}.Debug|x86.Build.0 = Debug|Any CPU
		{5AFA5AA9-0B8B-4A3A-933B-3EB12F0E8ED6}.Release|Any CPU.ActiveCfg = Release|Any CPU
		{5AFA5AA9-0B8B-4A3A-933B-3EB12F0E8ED6}.Release|Any CPU.Build.0 = Release|Any CPU
		{5AFA5AA9-0B8B-4A3A-933B-3EB12F0E8ED6}.Release|x64.ActiveCfg = Release|Any CPU
		{5AFA5AA9-0B8B-4A3A-933B-3EB12F0E8ED6}.Release|x64.Build.0 = Release|Any CPU
		{5AFA5AA9-0B8B-4A3A-933B-3EB12F0E8ED6}.Release|x86.ActiveCfg = Release|Any CPU
		{5AFA5AA9-0B8B-4A3A-933B-3EB12F0E8ED6}.Release|x86.Build.0 = Release|Any CPU
		{4BA95E19-5B74-40C5-9AF4-1F6B4B9CA7F7}.Debug|Any CPU.ActiveCfg = Debug|Any CPU
		{4BA95E19-5B74-40C5-9AF4-1F6B4B9CA7F7}.Debug|Any CPU.Build.0 = Debug|Any CPU
		{4BA95E19-5B74-40C5-9AF4-1F6B4B9CA7F7}.Debug|x64.ActiveCfg = Debug|Any CPU
		{4BA95E19-5B74-40C5-9AF4-1F6B4B9CA7F7}.Debug|x64.Build.0 = Debug|Any CPU
		{4BA95E19-5B74-40C5-9AF4-1F6B4B9CA7F7}.Debug|x86.ActiveCfg = Debug|Any CPU
		{4BA95E19-5B74-40C5-9AF4-1F6B4B9CA7F7}.Debug|x86.Build.0 = Debug|Any CPU
		{4BA95E19-5B74-40C5-9AF4-1F6B4B9CA7F7}.Release|Any CPU.ActiveCfg = Release|Any CPU
		{4BA95E19-5B74-40C5-9AF4-1F6B4B9CA7F7}.Release|Any CPU.Build.0 = Release|Any CPU
		{4BA95E19-5B74-40C5-9AF4-1F6B4B9CA7F7}.Release|x64.ActiveCfg = Release|Any CPU
		{4BA95E19-5B74-40C5-9AF4-1F6B4B9CA7F7}.Release|x64.Build.0 = Release|Any CPU
		{4BA95E19-5B74-40C5-9AF4-1F6B4B9CA7F7}.Release|x86.ActiveCfg = Release|Any CPU
		{4BA95E19-5B74-40C5-9AF4-1F6B4B9CA7F7}.Release|x86.Build.0 = Release|Any CPU
		{41D2445A-19E3-4171-82F0-336E9D4F2E48}.Debug|Any CPU.ActiveCfg = Debug|Any CPU
		{41D2445A-19E3-4171-82F0-336E9D4F2E48}.Debug|Any CPU.Build.0 = Debug|Any CPU
		{41D2445A-19E3-4171-82F0-336E9D4F2E48}.Debug|x64.ActiveCfg = Debug|Any CPU
		{41D2445A-19E3-4171-82F0-336E9D4F2E48}.Debug|x64.Build.0 = Debug|Any CPU
		{41D2445A-19E3-4171-82F0-336E9D4F2E48}.Debug|x86.ActiveCfg = Debug|Any CPU
		{41D2445A-19E3-4171-82F0-336E9D4F2E48}.Debug|x86.Build.0 = Debug|Any CPU
		{41D2445A-19E3-4171-82F0-336E9D4F2E48}.Release|Any CPU.ActiveCfg = Release|Any CPU
		{41D2445A-19E3-4171-82F0-336E9D4F2E48}.Release|Any CPU.Build.0 = Release|Any CPU
		{41D2445A-19E3-4171-82F0-336E9D4F2E48}.Release|x64.ActiveCfg = Release|Any CPU
		{41D2445A-19E3-4171-82F0-336E9D4F2E48}.Release|x64.Build.0 = Release|Any CPU
		{41D2445A-19E3-4171-82F0-336E9D4F2E48}.Release|x86.ActiveCfg = Release|Any CPU
		{41D2445A-19E3-4171-82F0-336E9D4F2E48}.Release|x86.Build.0 = Release|Any CPU
		{2D06B324-2244-46F5-829D-A3B5ECAB64D8}.Debug|Any CPU.ActiveCfg = Debug|Any CPU
		{2D06B324-2244-46F5-829D-A3B5ECAB64D8}.Debug|Any CPU.Build.0 = Debug|Any CPU
		{2D06B324-2244-46F5-829D-A3B5ECAB64D8}.Debug|x64.ActiveCfg = Debug|Any CPU
		{2D06B324-2244-46F5-829D-A3B5ECAB64D8}.Debug|x64.Build.0 = Debug|Any CPU
		{2D06B324-2244-46F5-829D-A3B5ECAB64D8}.Debug|x86.ActiveCfg = Debug|Any CPU
		{2D06B324-2244-46F5-829D-A3B5ECAB64D8}.Debug|x86.Build.0 = Debug|Any CPU
		{2D06B324-2244-46F5-829D-A3B5ECAB64D8}.Release|Any CPU.ActiveCfg = Release|Any CPU
		{2D06B324-2244-46F5-829D-A3B5ECAB64D8}.Release|Any CPU.Build.0 = Release|Any CPU
		{2D06B324-2244-46F5-829D-A3B5ECAB64D8}.Release|x64.ActiveCfg = Release|Any CPU
		{2D06B324-2244-46F5-829D-A3B5ECAB64D8}.Release|x64.Build.0 = Release|Any CPU
		{2D06B324-2244-46F5-829D-A3B5ECAB64D8}.Release|x86.ActiveCfg = Release|Any CPU
		{2D06B324-2244-46F5-829D-A3B5ECAB64D8}.Release|x86.Build.0 = Release|Any CPU
		{CADE098A-A5FD-4480-8A6B-37B3FF7C967C}.Debug|Any CPU.ActiveCfg = Debug|Any CPU
		{CADE098A-A5FD-4480-8A6B-37B3FF7C967C}.Debug|Any CPU.Build.0 = Debug|Any CPU
		{CADE098A-A5FD-4480-8A6B-37B3FF7C967C}.Debug|x64.ActiveCfg = Debug|Any CPU
		{CADE098A-A5FD-4480-8A6B-37B3FF7C967C}.Debug|x64.Build.0 = Debug|Any CPU
		{CADE098A-A5FD-4480-8A6B-37B3FF7C967C}.Debug|x86.ActiveCfg = Debug|Any CPU
		{CADE098A-A5FD-4480-8A6B-37B3FF7C967C}.Debug|x86.Build.0 = Debug|Any CPU
		{CADE098A-A5FD-4480-8A6B-37B3FF7C967C}.Release|Any CPU.ActiveCfg = Release|Any CPU
		{CADE098A-A5FD-4480-8A6B-37B3FF7C967C}.Release|Any CPU.Build.0 = Release|Any CPU
		{CADE098A-A5FD-4480-8A6B-37B3FF7C967C}.Release|x64.ActiveCfg = Release|Any CPU
		{CADE098A-A5FD-4480-8A6B-37B3FF7C967C}.Release|x64.Build.0 = Release|Any CPU
		{CADE098A-A5FD-4480-8A6B-37B3FF7C967C}.Release|x86.ActiveCfg = Release|Any CPU
		{CADE098A-A5FD-4480-8A6B-37B3FF7C967C}.Release|x86.Build.0 = Release|Any CPU
		{9A0154E7-9874-4BD4-BEB5-8DB9FD1851E1}.Debug|Any CPU.ActiveCfg = Debug|Any CPU
		{9A0154E7-9874-4BD4-BEB5-8DB9FD1851E1}.Debug|Any CPU.Build.0 = Debug|Any CPU
		{9A0154E7-9874-4BD4-BEB5-8DB9FD1851E1}.Debug|x64.ActiveCfg = Debug|Any CPU
		{9A0154E7-9874-4BD4-BEB5-8DB9FD1851E1}.Debug|x64.Build.0 = Debug|Any CPU
		{9A0154E7-9874-4BD4-BEB5-8DB9FD1851E1}.Debug|x86.ActiveCfg = Debug|Any CPU
		{9A0154E7-9874-4BD4-BEB5-8DB9FD1851E1}.Debug|x86.Build.0 = Debug|Any CPU
		{9A0154E7-9874-4BD4-BEB5-8DB9FD1851E1}.Release|Any CPU.ActiveCfg = Release|Any CPU
		{9A0154E7-9874-4BD4-BEB5-8DB9FD1851E1}.Release|Any CPU.Build.0 = Release|Any CPU
		{9A0154E7-9874-4BD4-BEB5-8DB9FD1851E1}.Release|x64.ActiveCfg = Release|Any CPU
		{9A0154E7-9874-4BD4-BEB5-8DB9FD1851E1}.Release|x64.Build.0 = Release|Any CPU
		{9A0154E7-9874-4BD4-BEB5-8DB9FD1851E1}.Release|x86.ActiveCfg = Release|Any CPU
		{9A0154E7-9874-4BD4-BEB5-8DB9FD1851E1}.Release|x86.Build.0 = Release|Any CPU
		{6B83B5CE-79A3-4608-8D5A-26F0AF7D268C}.Debug|Any CPU.ActiveCfg = Debug|Any CPU
		{6B83B5CE-79A3-4608-8D5A-26F0AF7D268C}.Debug|Any CPU.Build.0 = Debug|Any CPU
		{6B83B5CE-79A3-4608-8D5A-26F0AF7D268C}.Debug|x64.ActiveCfg = Debug|Any CPU
		{6B83B5CE-79A3-4608-8D5A-26F0AF7D268C}.Debug|x64.Build.0 = Debug|Any CPU
		{6B83B5CE-79A3-4608-8D5A-26F0AF7D268C}.Debug|x86.ActiveCfg = Debug|Any CPU
		{6B83B5CE-79A3-4608-8D5A-26F0AF7D268C}.Debug|x86.Build.0 = Debug|Any CPU
		{6B83B5CE-79A3-4608-8D5A-26F0AF7D268C}.Release|Any CPU.ActiveCfg = Release|Any CPU
		{6B83B5CE-79A3-4608-8D5A-26F0AF7D268C}.Release|Any CPU.Build.0 = Release|Any CPU
		{6B83B5CE-79A3-4608-8D5A-26F0AF7D268C}.Release|x64.ActiveCfg = Release|Any CPU
		{6B83B5CE-79A3-4608-8D5A-26F0AF7D268C}.Release|x64.Build.0 = Release|Any CPU
		{6B83B5CE-79A3-4608-8D5A-26F0AF7D268C}.Release|x86.ActiveCfg = Release|Any CPU
		{6B83B5CE-79A3-4608-8D5A-26F0AF7D268C}.Release|x86.Build.0 = Release|Any CPU
		{5107B897-F5A1-41AD-B979-7EA538D91B69}.Debug|Any CPU.ActiveCfg = Debug|Any CPU
		{5107B897-F5A1-41AD-B979-7EA538D91B69}.Debug|Any CPU.Build.0 = Debug|Any CPU
		{5107B897-F5A1-41AD-B979-7EA538D91B69}.Debug|x64.ActiveCfg = Debug|Any CPU
		{5107B897-F5A1-41AD-B979-7EA538D91B69}.Debug|x64.Build.0 = Debug|Any CPU
		{5107B897-F5A1-41AD-B979-7EA538D91B69}.Debug|x86.ActiveCfg = Debug|Any CPU
		{5107B897-F5A1-41AD-B979-7EA538D91B69}.Debug|x86.Build.0 = Debug|Any CPU
		{5107B897-F5A1-41AD-B979-7EA538D91B69}.Release|Any CPU.ActiveCfg = Release|Any CPU
		{5107B897-F5A1-41AD-B979-7EA538D91B69}.Release|Any CPU.Build.0 = Release|Any CPU
		{5107B897-F5A1-41AD-B979-7EA538D91B69}.Release|x64.ActiveCfg = Release|Any CPU
		{5107B897-F5A1-41AD-B979-7EA538D91B69}.Release|x64.Build.0 = Release|Any CPU
		{5107B897-F5A1-41AD-B979-7EA538D91B69}.Release|x86.ActiveCfg = Release|Any CPU
		{5107B897-F5A1-41AD-B979-7EA538D91B69}.Release|x86.Build.0 = Release|Any CPU
		{96B75E58-C1C0-4D3D-9D8E-C4695FC7F13E}.Debug|Any CPU.ActiveCfg = Debug|Any CPU
		{96B75E58-C1C0-4D3D-9D8E-C4695FC7F13E}.Debug|Any CPU.Build.0 = Debug|Any CPU
		{96B75E58-C1C0-4D3D-9D8E-C4695FC7F13E}.Debug|x64.ActiveCfg = Debug|Any CPU
		{96B75E58-C1C0-4D3D-9D8E-C4695FC7F13E}.Debug|x64.Build.0 = Debug|Any CPU
		{96B75E58-C1C0-4D3D-9D8E-C4695FC7F13E}.Debug|x86.ActiveCfg = Debug|Any CPU
		{96B75E58-C1C0-4D3D-9D8E-C4695FC7F13E}.Debug|x86.Build.0 = Debug|Any CPU
		{96B75E58-C1C0-4D3D-9D8E-C4695FC7F13E}.Release|Any CPU.ActiveCfg = Release|Any CPU
		{96B75E58-C1C0-4D3D-9D8E-C4695FC7F13E}.Release|Any CPU.Build.0 = Release|Any CPU
		{96B75E58-C1C0-4D3D-9D8E-C4695FC7F13E}.Release|x64.ActiveCfg = Release|Any CPU
		{96B75E58-C1C0-4D3D-9D8E-C4695FC7F13E}.Release|x64.Build.0 = Release|Any CPU
		{96B75E58-C1C0-4D3D-9D8E-C4695FC7F13E}.Release|x86.ActiveCfg = Release|Any CPU
		{96B75E58-C1C0-4D3D-9D8E-C4695FC7F13E}.Release|x86.Build.0 = Release|Any CPU
		{30CB1F02-1A53-45F0-BC12-5A699AEBCBA6}.Debug|Any CPU.ActiveCfg = Debug|Any CPU
		{30CB1F02-1A53-45F0-BC12-5A699AEBCBA6}.Debug|Any CPU.Build.0 = Debug|Any CPU
		{30CB1F02-1A53-45F0-BC12-5A699AEBCBA6}.Debug|x64.ActiveCfg = Debug|Any CPU
		{30CB1F02-1A53-45F0-BC12-5A699AEBCBA6}.Debug|x64.Build.0 = Debug|Any CPU
		{30CB1F02-1A53-45F0-BC12-5A699AEBCBA6}.Debug|x86.ActiveCfg = Debug|Any CPU
		{30CB1F02-1A53-45F0-BC12-5A699AEBCBA6}.Debug|x86.Build.0 = Debug|Any CPU
		{30CB1F02-1A53-45F0-BC12-5A699AEBCBA6}.Release|Any CPU.ActiveCfg = Release|Any CPU
		{30CB1F02-1A53-45F0-BC12-5A699AEBCBA6}.Release|Any CPU.Build.0 = Release|Any CPU
		{30CB1F02-1A53-45F0-BC12-5A699AEBCBA6}.Release|x64.ActiveCfg = Release|Any CPU
		{30CB1F02-1A53-45F0-BC12-5A699AEBCBA6}.Release|x64.Build.0 = Release|Any CPU
		{30CB1F02-1A53-45F0-BC12-5A699AEBCBA6}.Release|x86.ActiveCfg = Release|Any CPU
		{30CB1F02-1A53-45F0-BC12-5A699AEBCBA6}.Release|x86.Build.0 = Release|Any CPU
		{8C25B610-D0D7-49BE-A67E-B2A6B521008B}.Debug|Any CPU.ActiveCfg = Debug|Any CPU
		{8C25B610-D0D7-49BE-A67E-B2A6B521008B}.Debug|Any CPU.Build.0 = Debug|Any CPU
		{8C25B610-D0D7-49BE-A67E-B2A6B521008B}.Debug|x64.ActiveCfg = Debug|Any CPU
		{8C25B610-D0D7-49BE-A67E-B2A6B521008B}.Debug|x64.Build.0 = Debug|Any CPU
		{8C25B610-D0D7-49BE-A67E-B2A6B521008B}.Debug|x86.ActiveCfg = Debug|Any CPU
		{8C25B610-D0D7-49BE-A67E-B2A6B521008B}.Debug|x86.Build.0 = Debug|Any CPU
		{8C25B610-D0D7-49BE-A67E-B2A6B521008B}.Release|Any CPU.ActiveCfg = Release|Any CPU
		{8C25B610-D0D7-49BE-A67E-B2A6B521008B}.Release|Any CPU.Build.0 = Release|Any CPU
		{8C25B610-D0D7-49BE-A67E-B2A6B521008B}.Release|x64.ActiveCfg = Release|Any CPU
		{8C25B610-D0D7-49BE-A67E-B2A6B521008B}.Release|x64.Build.0 = Release|Any CPU
		{8C25B610-D0D7-49BE-A67E-B2A6B521008B}.Release|x86.ActiveCfg = Release|Any CPU
		{8C25B610-D0D7-49BE-A67E-B2A6B521008B}.Release|x86.Build.0 = Release|Any CPU
		{BF8CE4D6-06CC-4110-AFAA-0B66470C567B}.Debug|Any CPU.ActiveCfg = Debug|Any CPU
		{BF8CE4D6-06CC-4110-AFAA-0B66470C567B}.Debug|Any CPU.Build.0 = Debug|Any CPU
		{BF8CE4D6-06CC-4110-AFAA-0B66470C567B}.Debug|x64.ActiveCfg = Debug|Any CPU
		{BF8CE4D6-06CC-4110-AFAA-0B66470C567B}.Debug|x64.Build.0 = Debug|Any CPU
		{BF8CE4D6-06CC-4110-AFAA-0B66470C567B}.Debug|x86.ActiveCfg = Debug|Any CPU
		{BF8CE4D6-06CC-4110-AFAA-0B66470C567B}.Debug|x86.Build.0 = Debug|Any CPU
		{BF8CE4D6-06CC-4110-AFAA-0B66470C567B}.Release|Any CPU.ActiveCfg = Release|Any CPU
		{BF8CE4D6-06CC-4110-AFAA-0B66470C567B}.Release|Any CPU.Build.0 = Release|Any CPU
		{BF8CE4D6-06CC-4110-AFAA-0B66470C567B}.Release|x64.ActiveCfg = Release|Any CPU
		{BF8CE4D6-06CC-4110-AFAA-0B66470C567B}.Release|x64.Build.0 = Release|Any CPU
		{BF8CE4D6-06CC-4110-AFAA-0B66470C567B}.Release|x86.ActiveCfg = Release|Any CPU
		{BF8CE4D6-06CC-4110-AFAA-0B66470C567B}.Release|x86.Build.0 = Release|Any CPU
		{3EF02715-FB96-4628-B62A-A10E80095898}.Debug|Any CPU.ActiveCfg = Debug|Any CPU
		{3EF02715-FB96-4628-B62A-A10E80095898}.Debug|Any CPU.Build.0 = Debug|Any CPU
		{3EF02715-FB96-4628-B62A-A10E80095898}.Debug|x64.ActiveCfg = Debug|Any CPU
		{3EF02715-FB96-4628-B62A-A10E80095898}.Debug|x64.Build.0 = Debug|Any CPU
		{3EF02715-FB96-4628-B62A-A10E80095898}.Debug|x86.ActiveCfg = Debug|Any CPU
		{3EF02715-FB96-4628-B62A-A10E80095898}.Debug|x86.Build.0 = Debug|Any CPU
		{3EF02715-FB96-4628-B62A-A10E80095898}.Release|Any CPU.ActiveCfg = Release|Any CPU
		{3EF02715-FB96-4628-B62A-A10E80095898}.Release|Any CPU.Build.0 = Release|Any CPU
		{3EF02715-FB96-4628-B62A-A10E80095898}.Release|x64.ActiveCfg = Release|Any CPU
		{3EF02715-FB96-4628-B62A-A10E80095898}.Release|x64.Build.0 = Release|Any CPU
		{3EF02715-FB96-4628-B62A-A10E80095898}.Release|x86.ActiveCfg = Release|Any CPU
		{3EF02715-FB96-4628-B62A-A10E80095898}.Release|x86.Build.0 = Release|Any CPU
		{DC977AC5-BF8D-4F24-8463-81393CE0ADD1}.Debug|Any CPU.ActiveCfg = Debug|Any CPU
		{DC977AC5-BF8D-4F24-8463-81393CE0ADD1}.Debug|Any CPU.Build.0 = Debug|Any CPU
		{DC977AC5-BF8D-4F24-8463-81393CE0ADD1}.Debug|x64.ActiveCfg = Debug|Any CPU
		{DC977AC5-BF8D-4F24-8463-81393CE0ADD1}.Debug|x64.Build.0 = Debug|Any CPU
		{DC977AC5-BF8D-4F24-8463-81393CE0ADD1}.Debug|x86.ActiveCfg = Debug|Any CPU
		{DC977AC5-BF8D-4F24-8463-81393CE0ADD1}.Debug|x86.Build.0 = Debug|Any CPU
		{DC977AC5-BF8D-4F24-8463-81393CE0ADD1}.Release|Any CPU.ActiveCfg = Release|Any CPU
		{DC977AC5-BF8D-4F24-8463-81393CE0ADD1}.Release|Any CPU.Build.0 = Release|Any CPU
		{DC977AC5-BF8D-4F24-8463-81393CE0ADD1}.Release|x64.ActiveCfg = Release|Any CPU
		{DC977AC5-BF8D-4F24-8463-81393CE0ADD1}.Release|x64.Build.0 = Release|Any CPU
		{DC977AC5-BF8D-4F24-8463-81393CE0ADD1}.Release|x86.ActiveCfg = Release|Any CPU
		{DC977AC5-BF8D-4F24-8463-81393CE0ADD1}.Release|x86.Build.0 = Release|Any CPU
		{58A78B12-6E91-46DA-AEF6-2513FA215472}.Debug|Any CPU.ActiveCfg = Debug|Any CPU
		{58A78B12-6E91-46DA-AEF6-2513FA215472}.Debug|Any CPU.Build.0 = Debug|Any CPU
		{58A78B12-6E91-46DA-AEF6-2513FA215472}.Debug|x64.ActiveCfg = Debug|Any CPU
		{58A78B12-6E91-46DA-AEF6-2513FA215472}.Debug|x64.Build.0 = Debug|Any CPU
		{58A78B12-6E91-46DA-AEF6-2513FA215472}.Debug|x86.ActiveCfg = Debug|Any CPU
		{58A78B12-6E91-46DA-AEF6-2513FA215472}.Debug|x86.Build.0 = Debug|Any CPU
		{58A78B12-6E91-46DA-AEF6-2513FA215472}.Release|Any CPU.ActiveCfg = Release|Any CPU
		{58A78B12-6E91-46DA-AEF6-2513FA215472}.Release|Any CPU.Build.0 = Release|Any CPU
		{58A78B12-6E91-46DA-AEF6-2513FA215472}.Release|x64.ActiveCfg = Release|Any CPU
		{58A78B12-6E91-46DA-AEF6-2513FA215472}.Release|x64.Build.0 = Release|Any CPU
		{58A78B12-6E91-46DA-AEF6-2513FA215472}.Release|x86.ActiveCfg = Release|Any CPU
		{58A78B12-6E91-46DA-AEF6-2513FA215472}.Release|x86.Build.0 = Release|Any CPU
		{DA39932B-907E-4135-BADF-2C593B23F88D}.Debug|Any CPU.ActiveCfg = Debug|Any CPU
		{DA39932B-907E-4135-BADF-2C593B23F88D}.Debug|Any CPU.Build.0 = Debug|Any CPU
		{DA39932B-907E-4135-BADF-2C593B23F88D}.Debug|x64.ActiveCfg = Debug|Any CPU
		{DA39932B-907E-4135-BADF-2C593B23F88D}.Debug|x64.Build.0 = Debug|Any CPU
		{DA39932B-907E-4135-BADF-2C593B23F88D}.Debug|x86.ActiveCfg = Debug|Any CPU
		{DA39932B-907E-4135-BADF-2C593B23F88D}.Debug|x86.Build.0 = Debug|Any CPU
		{DA39932B-907E-4135-BADF-2C593B23F88D}.Release|Any CPU.ActiveCfg = Release|Any CPU
		{DA39932B-907E-4135-BADF-2C593B23F88D}.Release|Any CPU.Build.0 = Release|Any CPU
		{DA39932B-907E-4135-BADF-2C593B23F88D}.Release|x64.ActiveCfg = Release|Any CPU
		{DA39932B-907E-4135-BADF-2C593B23F88D}.Release|x64.Build.0 = Release|Any CPU
		{DA39932B-907E-4135-BADF-2C593B23F88D}.Release|x86.ActiveCfg = Release|Any CPU
		{DA39932B-907E-4135-BADF-2C593B23F88D}.Release|x86.Build.0 = Release|Any CPU
		{3CBC2DE6-4CB7-4DF8-B307-AD457F420E46}.Debug|Any CPU.ActiveCfg = Debug|Any CPU
		{3CBC2DE6-4CB7-4DF8-B307-AD457F420E46}.Debug|Any CPU.Build.0 = Debug|Any CPU
		{3CBC2DE6-4CB7-4DF8-B307-AD457F420E46}.Debug|x64.ActiveCfg = Debug|Any CPU
		{3CBC2DE6-4CB7-4DF8-B307-AD457F420E46}.Debug|x64.Build.0 = Debug|Any CPU
		{3CBC2DE6-4CB7-4DF8-B307-AD457F420E46}.Debug|x86.ActiveCfg = Debug|Any CPU
		{3CBC2DE6-4CB7-4DF8-B307-AD457F420E46}.Debug|x86.Build.0 = Debug|Any CPU
		{3CBC2DE6-4CB7-4DF8-B307-AD457F420E46}.Release|Any CPU.ActiveCfg = Release|Any CPU
		{3CBC2DE6-4CB7-4DF8-B307-AD457F420E46}.Release|Any CPU.Build.0 = Release|Any CPU
		{3CBC2DE6-4CB7-4DF8-B307-AD457F420E46}.Release|x64.ActiveCfg = Release|Any CPU
		{3CBC2DE6-4CB7-4DF8-B307-AD457F420E46}.Release|x64.Build.0 = Release|Any CPU
		{3CBC2DE6-4CB7-4DF8-B307-AD457F420E46}.Release|x86.ActiveCfg = Release|Any CPU
		{3CBC2DE6-4CB7-4DF8-B307-AD457F420E46}.Release|x86.Build.0 = Release|Any CPU
		{812B4F15-2016-40F4-AB84-D3BF773590AA}.Debug|Any CPU.ActiveCfg = Debug|Any CPU
		{812B4F15-2016-40F4-AB84-D3BF773590AA}.Debug|Any CPU.Build.0 = Debug|Any CPU
		{812B4F15-2016-40F4-AB84-D3BF773590AA}.Debug|x64.ActiveCfg = Debug|Any CPU
		{812B4F15-2016-40F4-AB84-D3BF773590AA}.Debug|x64.Build.0 = Debug|Any CPU
		{812B4F15-2016-40F4-AB84-D3BF773590AA}.Debug|x86.ActiveCfg = Debug|Any CPU
		{812B4F15-2016-40F4-AB84-D3BF773590AA}.Debug|x86.Build.0 = Debug|Any CPU
		{812B4F15-2016-40F4-AB84-D3BF773590AA}.Release|Any CPU.ActiveCfg = Release|Any CPU
		{812B4F15-2016-40F4-AB84-D3BF773590AA}.Release|Any CPU.Build.0 = Release|Any CPU
		{812B4F15-2016-40F4-AB84-D3BF773590AA}.Release|x64.ActiveCfg = Release|Any CPU
		{812B4F15-2016-40F4-AB84-D3BF773590AA}.Release|x64.Build.0 = Release|Any CPU
		{812B4F15-2016-40F4-AB84-D3BF773590AA}.Release|x86.ActiveCfg = Release|Any CPU
		{812B4F15-2016-40F4-AB84-D3BF773590AA}.Release|x86.Build.0 = Release|Any CPU
	EndGlobalSection
	GlobalSection(NestedProjects) = preSolution
		{E0793E28-ACBC-45CB-B1AF-1AD4889FAEA6} = {E548574D-38E9-4208-97A3-33BF6F2EC43D}
		{5AFA5AA9-0B8B-4A3A-933B-3EB12F0E8ED6} = {74319CCE-D734-4495-BA3A-2500488064B0}
		{4BA95E19-5B74-40C5-9AF4-1F6B4B9CA7F7} = {E548574D-38E9-4208-97A3-33BF6F2EC43D}
		{41D2445A-19E3-4171-82F0-336E9D4F2E48} = {E548574D-38E9-4208-97A3-33BF6F2EC43D}
		{2D06B324-2244-46F5-829D-A3B5ECAB64D8} = {E548574D-38E9-4208-97A3-33BF6F2EC43D}
		{CADE098A-A5FD-4480-8A6B-37B3FF7C967C} = {74319CCE-D734-4495-BA3A-2500488064B0}
		{9A0154E7-9874-4BD4-BEB5-8DB9FD1851E1} = {E548574D-38E9-4208-97A3-33BF6F2EC43D}
		{6B83B5CE-79A3-4608-8D5A-26F0AF7D268C} = {74319CCE-D734-4495-BA3A-2500488064B0}
		{5107B897-F5A1-41AD-B979-7EA538D91B69} = {74319CCE-D734-4495-BA3A-2500488064B0}
		{6DBF77B5-7356-4FBC-8AC8-7B89BBAD8E4B} = {2BED73DF-2C16-420D-9C79-8538151F9F9E}
		{96B75E58-C1C0-4D3D-9D8E-C4695FC7F13E} = {E548574D-38E9-4208-97A3-33BF6F2EC43D}
		{30CB1F02-1A53-45F0-BC12-5A699AEBCBA6} = {E548574D-38E9-4208-97A3-33BF6F2EC43D}
		{8C25B610-D0D7-49BE-A67E-B2A6B521008B} = {74319CCE-D734-4495-BA3A-2500488064B0}
		{BF8CE4D6-06CC-4110-AFAA-0B66470C567B} = {E548574D-38E9-4208-97A3-33BF6F2EC43D}
		{3EF02715-FB96-4628-B62A-A10E80095898} = {74319CCE-D734-4495-BA3A-2500488064B0}
		{DC977AC5-BF8D-4F24-8463-81393CE0ADD1} = {E548574D-38E9-4208-97A3-33BF6F2EC43D}
		{58A78B12-6E91-46DA-AEF6-2513FA215472} = {74319CCE-D734-4495-BA3A-2500488064B0}
		{DA39932B-907E-4135-BADF-2C593B23F88D} = {E548574D-38E9-4208-97A3-33BF6F2EC43D}
		{3CBC2DE6-4CB7-4DF8-B307-AD457F420E46} = {74319CCE-D734-4495-BA3A-2500488064B0}
		{812B4F15-2016-40F4-AB84-D3BF773590AA} = {74319CCE-D734-4495-BA3A-2500488064B0}
		{A9A14DE2-1149-489F-8EB5-0036A1A1FDAB} = {2BED73DF-2C16-420D-9C79-8538151F9F9E}
		{4C710C62-3D26-466C-9CBF-6A1AF004B715} = {A9A14DE2-1149-489F-8EB5-0036A1A1FDAB}
	EndGlobalSection
EndGlobal
